
Microsoft Visual Studio Solution File, Format Version 12.00
# Visual Studio 2013
VisualStudioVersion = 12.0.31101.0
MinimumVisualStudioVersion = 10.0.40219.1
Project("{FAE04EC0-301F-11D3-BF4B-00C04F79EFBC}") = "TDD_Tutorial", "TDD_Tutorial\TDD_Tutorial.csproj", "{BB2C798B-8237-4963-B0C5-F15D2762E560}"
EndProject
Project("{2150E333-8FDC-42A3-9474-1A3956D46DE8}") = "Specs", "Specs", "{A233E88A-D38A-47C7-956E-72D8271A96CE}"
EndProject
Project("{FAE04EC0-301F-11D3-BF4B-00C04F79EFBC}") = "TDD_Tutorial.Specs", "TDD_Tutorial.Specs\TDD_Tutorial.Specs.csproj", "{7D608B3A-EC0D-42EF-AF10-53DBFA0BC08B}"
EndProject
Global
	GlobalSection(SolutionConfigurationPlatforms) = preSolution
		Debug|Any CPU = Debug|Any CPU
		Release|Any CPU = Release|Any CPU
	EndGlobalSection
	GlobalSection(ProjectConfigurationPlatforms) = postSolution
		{BB2C798B-8237-4963-B0C5-F15D2762E560}.Debug|Any CPU.ActiveCfg = Debug|Any CPU
		{BB2C798B-8237-4963-B0C5-F15D2762E560}.Debug|Any CPU.Build.0 = Debug|Any CPU
		{BB2C798B-8237-4963-B0C5-F15D2762E560}.Release|Any CPU.ActiveCfg = Release|Any CPU
		{BB2C798B-8237-4963-B0C5-F15D2762E560}.Release|Any CPU.Build.0 = Release|Any CPU
		{7D608B3A-EC0D-42EF-AF10-53DBFA0BC08B}.Debug|Any CPU.ActiveCfg = Debug|Any CPU
		{7D608B3A-EC0D-42EF-AF10-53DBFA0BC08B}.Debug|Any CPU.Build.0 = Debug|Any CPU
		{7D608B3A-EC0D-42EF-AF10-53DBFA0BC08B}.Release|Any CPU.ActiveCfg = Release|Any CPU
		{7D608B3A-EC0D-42EF-AF10-53DBFA0BC08B}.Release|Any CPU.Build.0 = Release|Any CPU
	EndGlobalSection
	GlobalSection(SolutionProperties) = preSolution
		HideSolutionNode = FALSE
	EndGlobalSection
	GlobalSection(NestedProjects) = preSolution
		{7D608B3A-EC0D-42EF-AF10-53DBFA0BC08B} = {A233E88A-D38A-47C7-956E-72D8271A96CE}
	EndGlobalSection
EndGlobal
